
Microsoft Visual Studio Solution File, Format Version 12.00
# Visual Studio Version 16
VisualStudioVersion = 16.0.31019.35
MinimumVisualStudioVersion = 10.0.40219.1
Project("{FAE04EC0-301F-11D3-BF4B-00C04F79EFBC}") = "AssemblyInterpreter", "AssemblyInterpreter\AssemblyInterpreter.csproj", "{974F90C2-C12F-44FB-A696-CD07EF5C2CCE}"
EndProject
Global
	GlobalSection(SolutionConfigurationPlatforms) = preSolution
		Debug|Any CPU = Debug|Any CPU
		Release|Any CPU = Release|Any CPU
	EndGlobalSection
	GlobalSection(ProjectConfigurationPlatforms) = postSolution
		{974F90C2-C12F-44FB-A696-CD07EF5C2CCE}.Debug|Any CPU.ActiveCfg = Debug|Any CPU
		{974F90C2-C12F-44FB-A696-CD07EF5C2CCE}.Debug|Any CPU.Build.0 = Debug|Any CPU
		{974F90C2-C12F-44FB-A696-CD07EF5C2CCE}.Release|Any CPU.ActiveCfg = Release|Any CPU
		{974F90C2-C12F-44FB-A696-CD07EF5C2CCE}.Release|Any CPU.Build.0 = Release|Any CPU
	EndGlobalSection
	GlobalSection(SolutionProperties) = preSolution
		HideSolutionNode = FALSE
	EndGlobalSection
	GlobalSection(ExtensibilityGlobals) = postSolution
		SolutionGuid = {E7872F97-7A13-49AB-9FE1-3646376F1B69}
	EndGlobalSection
EndGlobal
